// !$*UTF8*$!
{
	archiveVersion = 1;
	classes = {
	};
	objectVersion = 55;
	objects = {

/* Begin PBXBuildFile section */
		8F695F502895BF8A005F5F49 /* ShopTableViewCell.swift in Sources */ = {isa = PBXBuildFile; fileRef = 8F695F4F2895BF8A005F5F49 /* ShopTableViewCell.swift */; };
		8F695F652895F949005F5F49 /* Poppins-ExtraLight.ttf in Resources */ = {isa = PBXBuildFile; fileRef = 8F695F522895F949005F5F49 /* Poppins-ExtraLight.ttf */; };
		8F695F662895F949005F5F49 /* Poppins-ThinItalic.ttf in Resources */ = {isa = PBXBuildFile; fileRef = 8F695F532895F949005F5F49 /* Poppins-ThinItalic.ttf */; };
		8F695F672895F949005F5F49 /* Poppins-ExtraLightItalic.ttf in Resources */ = {isa = PBXBuildFile; fileRef = 8F695F542895F949005F5F49 /* Poppins-ExtraLightItalic.ttf */; };
		8F695F682895F949005F5F49 /* Poppins-BoldItalic.ttf in Resources */ = {isa = PBXBuildFile; fileRef = 8F695F552895F949005F5F49 /* Poppins-BoldItalic.ttf */; };
		8F695F692895F949005F5F49 /* Poppins-Light.ttf in Resources */ = {isa = PBXBuildFile; fileRef = 8F695F562895F949005F5F49 /* Poppins-Light.ttf */; };
		8F695F6A2895F949005F5F49 /* Poppins-Medium.ttf in Resources */ = {isa = PBXBuildFile; fileRef = 8F695F572895F949005F5F49 /* Poppins-Medium.ttf */; };
		8F695F6B2895F949005F5F49 /* Poppins-SemiBoldItalic.ttf in Resources */ = {isa = PBXBuildFile; fileRef = 8F695F582895F949005F5F49 /* Poppins-SemiBoldItalic.ttf */; };
		8F695F6C2895F949005F5F49 /* Poppins-ExtraBoldItalic.ttf in Resources */ = {isa = PBXBuildFile; fileRef = 8F695F592895F949005F5F49 /* Poppins-ExtraBoldItalic.ttf */; };
		8F695F6D2895F949005F5F49 /* Poppins-ExtraBold.ttf in Resources */ = {isa = PBXBuildFile; fileRef = 8F695F5A2895F949005F5F49 /* Poppins-ExtraBold.ttf */; };
		8F695F6E2895F949005F5F49 /* Poppins-BlackItalic.ttf in Resources */ = {isa = PBXBuildFile; fileRef = 8F695F5B2895F949005F5F49 /* Poppins-BlackItalic.ttf */; };
		8F695F6F2895F949005F5F49 /* OFL.txt in Resources */ = {isa = PBXBuildFile; fileRef = 8F695F5C2895F949005F5F49 /* OFL.txt */; };
		8F695F702895F949005F5F49 /* Poppins-Regular.ttf in Resources */ = {isa = PBXBuildFile; fileRef = 8F695F5D2895F949005F5F49 /* Poppins-Regular.ttf */; };
		8F695F712895F949005F5F49 /* Poppins-LightItalic.ttf in Resources */ = {isa = PBXBuildFile; fileRef = 8F695F5E2895F949005F5F49 /* Poppins-LightItalic.ttf */; };
		8F695F722895F949005F5F49 /* Poppins-Bold.ttf in Resources */ = {isa = PBXBuildFile; fileRef = 8F695F5F2895F949005F5F49 /* Poppins-Bold.ttf */; };
		8F695F732895F949005F5F49 /* Poppins-Black.ttf in Resources */ = {isa = PBXBuildFile; fileRef = 8F695F602895F949005F5F49 /* Poppins-Black.ttf */; };
		8F695F742895F949005F5F49 /* Poppins-Thin.ttf in Resources */ = {isa = PBXBuildFile; fileRef = 8F695F612895F949005F5F49 /* Poppins-Thin.ttf */; };
		8F695F752895F949005F5F49 /* Poppins-SemiBold.ttf in Resources */ = {isa = PBXBuildFile; fileRef = 8F695F622895F949005F5F49 /* Poppins-SemiBold.ttf */; };
		8F695F762895F949005F5F49 /* Poppins-Italic.ttf in Resources */ = {isa = PBXBuildFile; fileRef = 8F695F632895F949005F5F49 /* Poppins-Italic.ttf */; };
		8F695F772895F949005F5F49 /* Poppins-MediumItalic.ttf in Resources */ = {isa = PBXBuildFile; fileRef = 8F695F642895F949005F5F49 /* Poppins-MediumItalic.ttf */; };
		8F6C96182895888900A4D7B1 /* AppDelegate.swift in Sources */ = {isa = PBXBuildFile; fileRef = 8F6C96172895888900A4D7B1 /* AppDelegate.swift */; };
		8F6C961A2895888900A4D7B1 /* SceneDelegate.swift in Sources */ = {isa = PBXBuildFile; fileRef = 8F6C96192895888900A4D7B1 /* SceneDelegate.swift */; };
		8F6C961C2895888900A4D7B1 /* ViewController.swift in Sources */ = {isa = PBXBuildFile; fileRef = 8F6C961B2895888900A4D7B1 /* ViewController.swift */; };
		8F6C961F2895888900A4D7B1 /* Main.storyboard in Resources */ = {isa = PBXBuildFile; fileRef = 8F6C961D2895888900A4D7B1 /* Main.storyboard */; };
		8F6C96212895888900A4D7B1 /* Assets.xcassets in Resources */ = {isa = PBXBuildFile; fileRef = 8F6C96202895888900A4D7B1 /* Assets.xcassets */; };
		8F6C96242895888A00A4D7B1 /* LaunchScreen.storyboard in Resources */ = {isa = PBXBuildFile; fileRef = 8F6C96222895888A00A4D7B1 /* LaunchScreen.storyboard */; };
		8F6C962C2895893700A4D7B1 /* GoogleService-Info.plist in Resources */ = {isa = PBXBuildFile; fileRef = 8F6C962B2895893700A4D7B1 /* GoogleService-Info.plist */; };
		8F6C968B289636A800A4D7B1 /* LaunchViewController.swift in Sources */ = {isa = PBXBuildFile; fileRef = 8F6C968A289636A800A4D7B1 /* LaunchViewController.swift */; };
		8F6C968D289636CB00A4D7B1 /* SignInViewController.swift in Sources */ = {isa = PBXBuildFile; fileRef = 8F6C968C289636CB00A4D7B1 /* SignInViewController.swift */; };
		8F6C968F289636D900A4D7B1 /* LoginViewController.swift in Sources */ = {isa = PBXBuildFile; fileRef = 8F6C968E289636D900A4D7B1 /* LoginViewController.swift */; };
		8F6C969228963C7A00A4D7B1 /* FirebaseAnalytics in Frameworks */ = {isa = PBXBuildFile; productRef = 8F6C969128963C7A00A4D7B1 /* FirebaseAnalytics */; };
		8F6C969428963C7A00A4D7B1 /* FirebaseAnalyticsSwift in Frameworks */ = {isa = PBXBuildFile; productRef = 8F6C969328963C7A00A4D7B1 /* FirebaseAnalyticsSwift */; };
		8F6C969628963C7A00A4D7B1 /* FirebaseAuth in Frameworks */ = {isa = PBXBuildFile; productRef = 8F6C969528963C7A00A4D7B1 /* FirebaseAuth */; };
		8F6C96982896519300A4D7B1 /* BikeData.swift in Sources */ = {isa = PBXBuildFile; fileRef = 8F6C96972896519300A4D7B1 /* BikeData.swift */; };
		8F6C969A289651B000A4D7B1 /* IshnuViewController.swift in Sources */ = {isa = PBXBuildFile; fileRef = 8F6C9699289651B000A4D7B1 /* IshnuViewController.swift */; };
		8F6C969C2896520F00A4D7B1 /* BikeTableViewCell.swift in Sources */ = {isa = PBXBuildFile; fileRef = 8F6C969B2896520F00A4D7B1 /* BikeTableViewCell.swift */; };
		8F6C969E289654C800A4D7B1 /* PopUpViewController.swift in Sources */ = {isa = PBXBuildFile; fileRef = 8F6C969D289654C800A4D7B1 /* PopUpViewController.swift */; };
		8F6C96A32896C85100A4D7B1 /* newLocations.csv in Resources */ = {isa = PBXBuildFile; fileRef = 8F6C96A02896C85000A4D7B1 /* newLocations.csv */; };
		8F6C96A62896CB5600A4D7B1 /* footsteps2.png in Resources */ = {isa = PBXBuildFile; fileRef = 8F6C96A52896CB5500A4D7B1 /* footsteps2.png */; };
		8F8961E528961C890092169B /* ThuvaraganViewController.swift in Sources */ = {isa = PBXBuildFile; fileRef = 8F8961E428961C890092169B /* ThuvaraganViewController.swift */; };
/* End PBXBuildFile section */

/* Begin PBXFileReference section */
		8F695F4F2895BF8A005F5F49 /* ShopTableViewCell.swift */ = {isa = PBXFileReference; lastKnownFileType = sourcecode.swift; path = ShopTableViewCell.swift; sourceTree = "<group>"; };
		8F695F522895F949005F5F49 /* Poppins-ExtraLight.ttf */ = {isa = PBXFileReference; lastKnownFileType = file; path = "Poppins-ExtraLight.ttf"; sourceTree = "<group>"; };
		8F695F532895F949005F5F49 /* Poppins-ThinItalic.ttf */ = {isa = PBXFileReference; lastKnownFileType = file; path = "Poppins-ThinItalic.ttf"; sourceTree = "<group>"; };
		8F695F542895F949005F5F49 /* Poppins-ExtraLightItalic.ttf */ = {isa = PBXFileReference; lastKnownFileType = file; path = "Poppins-ExtraLightItalic.ttf"; sourceTree = "<group>"; };
		8F695F552895F949005F5F49 /* Poppins-BoldItalic.ttf */ = {isa = PBXFileReference; lastKnownFileType = file; path = "Poppins-BoldItalic.ttf"; sourceTree = "<group>"; };
		8F695F562895F949005F5F49 /* Poppins-Light.ttf */ = {isa = PBXFileReference; lastKnownFileType = file; path = "Poppins-Light.ttf"; sourceTree = "<group>"; };
		8F695F572895F949005F5F49 /* Poppins-Medium.ttf */ = {isa = PBXFileReference; lastKnownFileType = file; path = "Poppins-Medium.ttf"; sourceTree = "<group>"; };
		8F695F582895F949005F5F49 /* Poppins-SemiBoldItalic.ttf */ = {isa = PBXFileReference; lastKnownFileType = file; path = "Poppins-SemiBoldItalic.ttf"; sourceTree = "<group>"; };
		8F695F592895F949005F5F49 /* Poppins-ExtraBoldItalic.ttf */ = {isa = PBXFileReference; lastKnownFileType = file; path = "Poppins-ExtraBoldItalic.ttf"; sourceTree = "<group>"; };
		8F695F5A2895F949005F5F49 /* Poppins-ExtraBold.ttf */ = {isa = PBXFileReference; lastKnownFileType = file; path = "Poppins-ExtraBold.ttf"; sourceTree = "<group>"; };
		8F695F5B2895F949005F5F49 /* Poppins-BlackItalic.ttf */ = {isa = PBXFileReference; lastKnownFileType = file; path = "Poppins-BlackItalic.ttf"; sourceTree = "<group>"; };
		8F695F5C2895F949005F5F49 /* OFL.txt */ = {isa = PBXFileReference; fileEncoding = 4; lastKnownFileType = text; path = OFL.txt; sourceTree = "<group>"; };
		8F695F5D2895F949005F5F49 /* Poppins-Regular.ttf */ = {isa = PBXFileReference; lastKnownFileType = file; path = "Poppins-Regular.ttf"; sourceTree = "<group>"; };
		8F695F5E2895F949005F5F49 /* Poppins-LightItalic.ttf */ = {isa = PBXFileReference; lastKnownFileType = file; path = "Poppins-LightItalic.ttf"; sourceTree = "<group>"; };
		8F695F5F2895F949005F5F49 /* Poppins-Bold.ttf */ = {isa = PBXFileReference; lastKnownFileType = file; path = "Poppins-Bold.ttf"; sourceTree = "<group>"; };
		8F695F602895F949005F5F49 /* Poppins-Black.ttf */ = {isa = PBXFileReference; lastKnownFileType = file; path = "Poppins-Black.ttf"; sourceTree = "<group>"; };
		8F695F612895F949005F5F49 /* Poppins-Thin.ttf */ = {isa = PBXFileReference; lastKnownFileType = file; path = "Poppins-Thin.ttf"; sourceTree = "<group>"; };
		8F695F622895F949005F5F49 /* Poppins-SemiBold.ttf */ = {isa = PBXFileReference; lastKnownFileType = file; path = "Poppins-SemiBold.ttf"; sourceTree = "<group>"; };
		8F695F632895F949005F5F49 /* Poppins-Italic.ttf */ = {isa = PBXFileReference; lastKnownFileType = file; path = "Poppins-Italic.ttf"; sourceTree = "<group>"; };
		8F695F642895F949005F5F49 /* Poppins-MediumItalic.ttf */ = {isa = PBXFileReference; lastKnownFileType = file; path = "Poppins-MediumItalic.ttf"; sourceTree = "<group>"; };
		8F6C96142895888900A4D7B1 /* StepAhead.app */ = {isa = PBXFileReference; explicitFileType = wrapper.application; includeInIndex = 0; path = StepAhead.app; sourceTree = BUILT_PRODUCTS_DIR; };
		8F6C96172895888900A4D7B1 /* AppDelegate.swift */ = {isa = PBXFileReference; lastKnownFileType = sourcecode.swift; path = AppDelegate.swift; sourceTree = "<group>"; };
		8F6C96192895888900A4D7B1 /* SceneDelegate.swift */ = {isa = PBXFileReference; lastKnownFileType = sourcecode.swift; path = SceneDelegate.swift; sourceTree = "<group>"; };
		8F6C961B2895888900A4D7B1 /* ViewController.swift */ = {isa = PBXFileReference; lastKnownFileType = sourcecode.swift; path = ViewController.swift; sourceTree = "<group>"; };
		8F6C961E2895888900A4D7B1 /* Base */ = {isa = PBXFileReference; lastKnownFileType = file.storyboard; name = Base; path = Base.lproj/Main.storyboard; sourceTree = "<group>"; };
		8F6C96202895888900A4D7B1 /* Assets.xcassets */ = {isa = PBXFileReference; lastKnownFileType = folder.assetcatalog; path = Assets.xcassets; sourceTree = "<group>"; };
		8F6C96232895888A00A4D7B1 /* Base */ = {isa = PBXFileReference; lastKnownFileType = file.storyboard; name = Base; path = Base.lproj/LaunchScreen.storyboard; sourceTree = "<group>"; };
		8F6C96252895888A00A4D7B1 /* Info.plist */ = {isa = PBXFileReference; lastKnownFileType = text.plist.xml; path = Info.plist; sourceTree = "<group>"; };
		8F6C962B2895893700A4D7B1 /* GoogleService-Info.plist */ = {isa = PBXFileReference; fileEncoding = 4; lastKnownFileType = text.plist.xml; path = "GoogleService-Info.plist"; sourceTree = "<group>"; };
		8F6C968A289636A800A4D7B1 /* LaunchViewController.swift */ = {isa = PBXFileReference; lastKnownFileType = sourcecode.swift; path = LaunchViewController.swift; sourceTree = "<group>"; };
		8F6C968C289636CB00A4D7B1 /* SignInViewController.swift */ = {isa = PBXFileReference; lastKnownFileType = sourcecode.swift; path = SignInViewController.swift; sourceTree = "<group>"; };
		8F6C968E289636D900A4D7B1 /* LoginViewController.swift */ = {isa = PBXFileReference; lastKnownFileType = sourcecode.swift; path = LoginViewController.swift; sourceTree = "<group>"; };
		8F6C96972896519300A4D7B1 /* BikeData.swift */ = {isa = PBXFileReference; lastKnownFileType = sourcecode.swift; path = BikeData.swift; sourceTree = "<group>"; };
		8F6C9699289651B000A4D7B1 /* IshnuViewController.swift */ = {isa = PBXFileReference; lastKnownFileType = sourcecode.swift; path = IshnuViewController.swift; sourceTree = "<group>"; };
		8F6C969B2896520F00A4D7B1 /* BikeTableViewCell.swift */ = {isa = PBXFileReference; lastKnownFileType = sourcecode.swift; path = BikeTableViewCell.swift; sourceTree = "<group>"; };
		8F6C969D289654C800A4D7B1 /* PopUpViewController.swift */ = {isa = PBXFileReference; lastKnownFileType = sourcecode.swift; path = PopUpViewController.swift; sourceTree = "<group>"; };
		8F6C96A02896C85000A4D7B1 /* newLocations.csv */ = {isa = PBXFileReference; fileEncoding = 4; lastKnownFileType = text; name = newLocations.csv; path = ../../../Downloads/Manjots_Code/newLocations.csv; sourceTree = "<group>"; };
		8F6C96A52896CB5500A4D7B1 /* footsteps2.png */ = {isa = PBXFileReference; lastKnownFileType = image.png; name = footsteps2.png; path = ../../footsteps2.png; sourceTree = "<group>"; };
		8F8961E428961C890092169B /* ThuvaraganViewController.swift */ = {isa = PBXFileReference; lastKnownFileType = sourcecode.swift; path = ThuvaraganViewController.swift; sourceTree = "<group>"; };
/* End PBXFileReference section */

/* Begin PBXFrameworksBuildPhase section */
		8F6C96112895888900A4D7B1 /* Frameworks */ = {
			isa = PBXFrameworksBuildPhase;
			buildActionMask = 2147483647;
			files = (
				8F6C969428963C7A00A4D7B1 /* FirebaseAnalyticsSwift in Frameworks */,
				8F6C969628963C7A00A4D7B1 /* FirebaseAuth in Frameworks */,
				8F6C969228963C7A00A4D7B1 /* FirebaseAnalytics in Frameworks */,
			);
			runOnlyForDeploymentPostprocessing = 0;
		};
/* End PBXFrameworksBuildPhase section */

/* Begin PBXGroup section */
		8F695F512895F949005F5F49 /* Poppins */ = {
			isa = PBXGroup;
			children = (
				8F695F522895F949005F5F49 /* Poppins-ExtraLight.ttf */,
				8F695F532895F949005F5F49 /* Poppins-ThinItalic.ttf */,
				8F695F542895F949005F5F49 /* Poppins-ExtraLightItalic.ttf */,
				8F695F552895F949005F5F49 /* Poppins-BoldItalic.ttf */,
				8F695F562895F949005F5F49 /* Poppins-Light.ttf */,
				8F695F572895F949005F5F49 /* Poppins-Medium.ttf */,
				8F695F582895F949005F5F49 /* Poppins-SemiBoldItalic.ttf */,
				8F695F592895F949005F5F49 /* Poppins-ExtraBoldItalic.ttf */,
				8F695F5A2895F949005F5F49 /* Poppins-ExtraBold.ttf */,
				8F695F5B2895F949005F5F49 /* Poppins-BlackItalic.ttf */,
				8F695F5C2895F949005F5F49 /* OFL.txt */,
				8F695F5D2895F949005F5F49 /* Poppins-Regular.ttf */,
				8F695F5E2895F949005F5F49 /* Poppins-LightItalic.ttf */,
				8F695F5F2895F949005F5F49 /* Poppins-Bold.ttf */,
				8F695F602895F949005F5F49 /* Poppins-Black.ttf */,
				8F695F612895F949005F5F49 /* Poppins-Thin.ttf */,
				8F695F622895F949005F5F49 /* Poppins-SemiBold.ttf */,
				8F695F632895F949005F5F49 /* Poppins-Italic.ttf */,
				8F695F642895F949005F5F49 /* Poppins-MediumItalic.ttf */,
			);
			path = Poppins;
			sourceTree = "<group>";
		};
		8F6C960B2895888900A4D7B1 = {
			isa = PBXGroup;
			children = (
				8F6C96162895888900A4D7B1 /* StepAhead */,
				8F6C96152895888900A4D7B1 /* Products */,
			);
			sourceTree = "<group>";
		};
		8F6C96152895888900A4D7B1 /* Products */ = {
			isa = PBXGroup;
			children = (
				8F6C96142895888900A4D7B1 /* StepAhead.app */,
			);
			name = Products;
			sourceTree = "<group>";
		};
		8F6C96162895888900A4D7B1 /* StepAhead */ = {
			isa = PBXGroup;
			children = (
				8F6C96A02896C85000A4D7B1 /* newLocations.csv */,
				8F8961E428961C890092169B /* ThuvaraganViewController.swift */,
				8F6C96172895888900A4D7B1 /* AppDelegate.swift */,
				8F6C96192895888900A4D7B1 /* SceneDelegate.swift */,
				8F6C961B2895888900A4D7B1 /* ViewController.swift */,
				8F6C96A52896CB5500A4D7B1 /* footsteps2.png */,
				8F6C961D2895888900A4D7B1 /* Main.storyboard */,
				8F6C96202895888900A4D7B1 /* Assets.xcassets */,
				8F6C96222895888A00A4D7B1 /* LaunchScreen.storyboard */,
				8F6C962B2895893700A4D7B1 /* GoogleService-Info.plist */,
				8F6C96252895888A00A4D7B1 /* Info.plist */,
				8F695F4F2895BF8A005F5F49 /* ShopTableViewCell.swift */,
				8F695F512895F949005F5F49 /* Poppins */,
				8F6C968A289636A800A4D7B1 /* LaunchViewController.swift */,
				8F6C968C289636CB00A4D7B1 /* SignInViewController.swift */,
				8F6C968E289636D900A4D7B1 /* LoginViewController.swift */,
				8F6C96972896519300A4D7B1 /* BikeData.swift */,
				8F6C9699289651B000A4D7B1 /* IshnuViewController.swift */,
				8F6C969B2896520F00A4D7B1 /* BikeTableViewCell.swift */,
				8F6C969D289654C800A4D7B1 /* PopUpViewController.swift */,
			);
			path = StepAhead;
			sourceTree = "<group>";
		};
/* End PBXGroup section */

/* Begin PBXNativeTarget section */
		8F6C96132895888900A4D7B1 /* StepAhead */ = {
			isa = PBXNativeTarget;
			buildConfigurationList = 8F6C96282895888A00A4D7B1 /* Build configuration list for PBXNativeTarget "StepAhead" */;
			buildPhases = (
				8F6C96102895888900A4D7B1 /* Sources */,
				8F6C96112895888900A4D7B1 /* Frameworks */,
				8F6C96122895888900A4D7B1 /* Resources */,
			);
			buildRules = (
			);
			dependencies = (
			);
			name = StepAhead;
			packageProductDependencies = (
				8F6C969128963C7A00A4D7B1 /* FirebaseAnalytics */,
				8F6C969328963C7A00A4D7B1 /* FirebaseAnalyticsSwift */,
				8F6C969528963C7A00A4D7B1 /* FirebaseAuth */,
			);
			productName = StepAhead;
			productReference = 8F6C96142895888900A4D7B1 /* StepAhead.app */;
			productType = "com.apple.product-type.application";
		};
/* End PBXNativeTarget section */

/* Begin PBXProject section */
		8F6C960C2895888900A4D7B1 /* Project object */ = {
			isa = PBXProject;
			attributes = {
				BuildIndependentTargetsInParallel = 1;
				LastSwiftUpdateCheck = 1340;
				LastUpgradeCheck = 1340;
				TargetAttributes = {
					8F6C96132895888900A4D7B1 = {
						CreatedOnToolsVersion = 13.4.1;
					};
				};
			};
			buildConfigurationList = 8F6C960F2895888900A4D7B1 /* Build configuration list for PBXProject "StepAhead" */;
			compatibilityVersion = "Xcode 13.0";
			developmentRegion = en;
			hasScannedForEncodings = 0;
			knownRegions = (
				en,
				Base,
			);
			mainGroup = 8F6C960B2895888900A4D7B1;
			packageReferences = (
				8F6C969028963C7A00A4D7B1 /* XCRemoteSwiftPackageReference "firebase-ios-sdk" */,
			);
			productRefGroup = 8F6C96152895888900A4D7B1 /* Products */;
			projectDirPath = "";
			projectRoot = "";
			targets = (
				8F6C96132895888900A4D7B1 /* StepAhead */,
			);
		};
/* End PBXProject section */

/* Begin PBXResourcesBuildPhase section */
		8F6C96122895888900A4D7B1 /* Resources */ = {
			isa = PBXResourcesBuildPhase;
			buildActionMask = 2147483647;
			files = (
				8F6C96A32896C85100A4D7B1 /* newLocations.csv in Resources */,
				8F695F712895F949005F5F49 /* Poppins-LightItalic.ttf in Resources */,
				8F695F722895F949005F5F49 /* Poppins-Bold.ttf in Resources */,
				8F695F6F2895F949005F5F49 /* OFL.txt in Resources */,
				8F695F6C2895F949005F5F49 /* Poppins-ExtraBoldItalic.ttf in Resources */,
				8F695F6B2895F949005F5F49 /* Poppins-SemiBoldItalic.ttf in Resources */,
				8F695F732895F949005F5F49 /* Poppins-Black.ttf in Resources */,
				8F695F652895F949005F5F49 /* Poppins-ExtraLight.ttf in Resources */,
				8F695F692895F949005F5F49 /* Poppins-Light.ttf in Resources */,
				8F695F672895F949005F5F49 /* Poppins-ExtraLightItalic.ttf in Resources */,
				8F695F742895F949005F5F49 /* Poppins-Thin.ttf in Resources */,
				8F6C96A62896CB5600A4D7B1 /* footsteps2.png in Resources */,
				8F6C96242895888A00A4D7B1 /* LaunchScreen.storyboard in Resources */,
				8F695F702895F949005F5F49 /* Poppins-Regular.ttf in Resources */,
				8F6C96212895888900A4D7B1 /* Assets.xcassets in Resources */,
				8F695F662895F949005F5F49 /* Poppins-ThinItalic.ttf in Resources */,
				8F695F6E2895F949005F5F49 /* Poppins-BlackItalic.ttf in Resources */,
				8F695F752895F949005F5F49 /* Poppins-SemiBold.ttf in Resources */,
				8F6C962C2895893700A4D7B1 /* GoogleService-Info.plist in Resources */,
				8F6C961F2895888900A4D7B1 /* Main.storyboard in Resources */,
				8F695F762895F949005F5F49 /* Poppins-Italic.ttf in Resources */,
				8F695F682895F949005F5F49 /* Poppins-BoldItalic.ttf in Resources */,
				8F695F6A2895F949005F5F49 /* Poppins-Medium.ttf in Resources */,
				8F695F772895F949005F5F49 /* Poppins-MediumItalic.ttf in Resources */,
				8F695F6D2895F949005F5F49 /* Poppins-ExtraBold.ttf in Resources */,
			);
			runOnlyForDeploymentPostprocessing = 0;
		};
/* End PBXResourcesBuildPhase section */

/* Begin PBXSourcesBuildPhase section */
		8F6C96102895888900A4D7B1 /* Sources */ = {
			isa = PBXSourcesBuildPhase;
			buildActionMask = 2147483647;
			files = (
				8F6C969C2896520F00A4D7B1 /* BikeTableViewCell.swift in Sources */,
				8F6C968D289636CB00A4D7B1 /* SignInViewController.swift in Sources */,
				8F8961E528961C890092169B /* ThuvaraganViewController.swift in Sources */,
				8F6C968B289636A800A4D7B1 /* LaunchViewController.swift in Sources */,
				8F6C96982896519300A4D7B1 /* BikeData.swift in Sources */,
				8F6C961C2895888900A4D7B1 /* ViewController.swift in Sources */,
				8F6C968F289636D900A4D7B1 /* LoginViewController.swift in Sources */,
				8F6C969E289654C800A4D7B1 /* PopUpViewController.swift in Sources */,
				8F6C96182895888900A4D7B1 /* AppDelegate.swift in Sources */,
				8F6C961A2895888900A4D7B1 /* SceneDelegate.swift in Sources */,
				8F6C969A289651B000A4D7B1 /* IshnuViewController.swift in Sources */,
				8F695F502895BF8A005F5F49 /* ShopTableViewCell.swift in Sources */,
			);
			runOnlyForDeploymentPostprocessing = 0;
		};
/* End PBXSourcesBuildPhase section */

/* Begin PBXVariantGroup section */
		8F6C961D2895888900A4D7B1 /* Main.storyboard */ = {
			isa = PBXVariantGroup;
			children = (
				8F6C961E2895888900A4D7B1 /* Base */,
			);
			name = Main.storyboard;
			sourceTree = "<group>";
		};
		8F6C96222895888A00A4D7B1 /* LaunchScreen.storyboard */ = {
			isa = PBXVariantGroup;
			children = (
				8F6C96232895888A00A4D7B1 /* Base */,
			);
			name = LaunchScreen.storyboard;
			sourceTree = "<group>";
		};
/* End PBXVariantGroup section */

/* Begin XCBuildConfiguration section */
		8F6C96262895888A00A4D7B1 /* Debug */ = {
			isa = XCBuildConfiguration;
			buildSettings = {
				ALWAYS_SEARCH_USER_PATHS = NO;
				CLANG_ANALYZER_NONNULL = YES;
				CLANG_ANALYZER_NUMBER_OBJECT_CONVERSION = YES_AGGRESSIVE;
				CLANG_CXX_LANGUAGE_STANDARD = "gnu++17";
				CLANG_ENABLE_MODULES = YES;
				CLANG_ENABLE_OBJC_ARC = YES;
				CLANG_ENABLE_OBJC_WEAK = YES;
				CLANG_WARN_BLOCK_CAPTURE_AUTORELEASING = YES;
				CLANG_WARN_BOOL_CONVERSION = YES;
				CLANG_WARN_COMMA = YES;
				CLANG_WARN_CONSTANT_CONVERSION = YES;
				CLANG_WARN_DEPRECATED_OBJC_IMPLEMENTATIONS = YES;
				CLANG_WARN_DIRECT_OBJC_ISA_USAGE = YES_ERROR;
				CLANG_WARN_DOCUMENTATION_COMMENTS = YES;
				CLANG_WARN_EMPTY_BODY = YES;
				CLANG_WARN_ENUM_CONVERSION = YES;
				CLANG_WARN_INFINITE_RECURSION = YES;
				CLANG_WARN_INT_CONVERSION = YES;
				CLANG_WARN_NON_LITERAL_NULL_CONVERSION = YES;
				CLANG_WARN_OBJC_IMPLICIT_RETAIN_SELF = YES;
				CLANG_WARN_OBJC_LITERAL_CONVERSION = YES;
				CLANG_WARN_OBJC_ROOT_CLASS = YES_ERROR;
				CLANG_WARN_QUOTED_INCLUDE_IN_FRAMEWORK_HEADER = YES;
				CLANG_WARN_RANGE_LOOP_ANALYSIS = YES;
				CLANG_WARN_STRICT_PROTOTYPES = YES;
				CLANG_WARN_SUSPICIOUS_MOVE = YES;
				CLANG_WARN_UNGUARDED_AVAILABILITY = YES_AGGRESSIVE;
				CLANG_WARN_UNREACHABLE_CODE = YES;
				CLANG_WARN__DUPLICATE_METHOD_MATCH = YES;
				COPY_PHASE_STRIP = NO;
				DEBUG_INFORMATION_FORMAT = dwarf;
				ENABLE_STRICT_OBJC_MSGSEND = YES;
				ENABLE_TESTABILITY = YES;
				GCC_C_LANGUAGE_STANDARD = gnu11;
				GCC_DYNAMIC_NO_PIC = NO;
				GCC_NO_COMMON_BLOCKS = YES;
				GCC_OPTIMIZATION_LEVEL = 0;
				GCC_PREPROCESSOR_DEFINITIONS = (
					"DEBUG=1",
					"$(inherited)",
				);
				GCC_WARN_64_TO_32_BIT_CONVERSION = YES;
				GCC_WARN_ABOUT_RETURN_TYPE = YES_ERROR;
				GCC_WARN_UNDECLARED_SELECTOR = YES;
				GCC_WARN_UNINITIALIZED_AUTOS = YES_AGGRESSIVE;
				GCC_WARN_UNUSED_FUNCTION = YES;
				GCC_WARN_UNUSED_VARIABLE = YES;
				IPHONEOS_DEPLOYMENT_TARGET = 15.5;
				MTL_ENABLE_DEBUG_INFO = INCLUDE_SOURCE;
				MTL_FAST_MATH = YES;
				ONLY_ACTIVE_ARCH = YES;
				SDKROOT = iphoneos;
				SWIFT_ACTIVE_COMPILATION_CONDITIONS = DEBUG;
				SWIFT_OPTIMIZATION_LEVEL = "-Onone";
			};
			name = Debug;
		};
		8F6C96272895888A00A4D7B1 /* Release */ = {
			isa = XCBuildConfiguration;
			buildSettings = {
				ALWAYS_SEARCH_USER_PATHS = NO;
				CLANG_ANALYZER_NONNULL = YES;
				CLANG_ANALYZER_NUMBER_OBJECT_CONVERSION = YES_AGGRESSIVE;
				CLANG_CXX_LANGUAGE_STANDARD = "gnu++17";
				CLANG_ENABLE_MODULES = YES;
				CLANG_ENABLE_OBJC_ARC = YES;
				CLANG_ENABLE_OBJC_WEAK = YES;
				CLANG_WARN_BLOCK_CAPTURE_AUTORELEASING = YES;
				CLANG_WARN_BOOL_CONVERSION = YES;
				CLANG_WARN_COMMA = YES;
				CLANG_WARN_CONSTANT_CONVERSION = YES;
				CLANG_WARN_DEPRECATED_OBJC_IMPLEMENTATIONS = YES;
				CLANG_WARN_DIRECT_OBJC_ISA_USAGE = YES_ERROR;
				CLANG_WARN_DOCUMENTATION_COMMENTS = YES;
				CLANG_WARN_EMPTY_BODY = YES;
				CLANG_WARN_ENUM_CONVERSION = YES;
				CLANG_WARN_INFINITE_RECURSION = YES;
				CLANG_WARN_INT_CONVERSION = YES;
				CLANG_WARN_NON_LITERAL_NULL_CONVERSION = YES;
				CLANG_WARN_OBJC_IMPLICIT_RETAIN_SELF = YES;
				CLANG_WARN_OBJC_LITERAL_CONVERSION = YES;
				CLANG_WARN_OBJC_ROOT_CLASS = YES_ERROR;
				CLANG_WARN_QUOTED_INCLUDE_IN_FRAMEWORK_HEADER = YES;
				CLANG_WARN_RANGE_LOOP_ANALYSIS = YES;
				CLANG_WARN_STRICT_PROTOTYPES = YES;
				CLANG_WARN_SUSPICIOUS_MOVE = YES;
				CLANG_WARN_UNGUARDED_AVAILABILITY = YES_AGGRESSIVE;
				CLANG_WARN_UNREACHABLE_CODE = YES;
				CLANG_WARN__DUPLICATE_METHOD_MATCH = YES;
				COPY_PHASE_STRIP = NO;
				DEBUG_INFORMATION_FORMAT = "dwarf-with-dsym";
				ENABLE_NS_ASSERTIONS = NO;
				ENABLE_STRICT_OBJC_MSGSEND = YES;
				GCC_C_LANGUAGE_STANDARD = gnu11;
				GCC_NO_COMMON_BLOCKS = YES;
				GCC_WARN_64_TO_32_BIT_CONVERSION = YES;
				GCC_WARN_ABOUT_RETURN_TYPE = YES_ERROR;
				GCC_WARN_UNDECLARED_SELECTOR = YES;
				GCC_WARN_UNINITIALIZED_AUTOS = YES_AGGRESSIVE;
				GCC_WARN_UNUSED_FUNCTION = YES;
				GCC_WARN_UNUSED_VARIABLE = YES;
				IPHONEOS_DEPLOYMENT_TARGET = 15.5;
				MTL_ENABLE_DEBUG_INFO = NO;
				MTL_FAST_MATH = YES;
				SDKROOT = iphoneos;
				SWIFT_COMPILATION_MODE = wholemodule;
				SWIFT_OPTIMIZATION_LEVEL = "-O";
				VALIDATE_PRODUCT = YES;
			};
			name = Release;
		};
		8F6C96292895888A00A4D7B1 /* Debug */ = {
			isa = XCBuildConfiguration;
			buildSettings = {
				ASSETCATALOG_COMPILER_APPICON_NAME = AppIcon;
				ASSETCATALOG_COMPILER_GLOBAL_ACCENT_COLOR_NAME = AccentColor;
				CODE_SIGN_STYLE = Automatic;
				CURRENT_PROJECT_VERSION = 1;
				DEVELOPMENT_TEAM = 422A6HADH3;
				GENERATE_INFOPLIST_FILE = YES;
				INFOPLIST_FILE = StepAhead/Info.plist;
				INFOPLIST_KEY_UIApplicationSupportsIndirectInputEvents = YES;
				INFOPLIST_KEY_UILaunchStoryboardName = LaunchScreen;
				INFOPLIST_KEY_UIMainStoryboardFile = Main;
				INFOPLIST_KEY_UISupportedInterfaceOrientations_iPad = "UIInterfaceOrientationPortrait UIInterfaceOrientationPortraitUpsideDown UIInterfaceOrientationLandscapeLeft UIInterfaceOrientationLandscapeRight";
				INFOPLIST_KEY_UISupportedInterfaceOrientations_iPhone = "UIInterfaceOrientationPortrait UIInterfaceOrientationLandscapeLeft UIInterfaceOrientationLandscapeRight";
				LD_RUNPATH_SEARCH_PATHS = (
					"$(inherited)",
					"@executable_path/Frameworks",
				);
				MARKETING_VERSION = 1.0;
				PRODUCT_BUNDLE_IDENTIFIER = com.example.StepAhead;
				PRODUCT_NAME = "$(TARGET_NAME)";
				SWIFT_EMIT_LOC_STRINGS = YES;
				SWIFT_VERSION = 5.0;
				TARGETED_DEVICE_FAMILY = "1,2";
			};
			name = Debug;
		};
		8F6C962A2895888A00A4D7B1 /* Release */ = {
			isa = XCBuildConfiguration;
			buildSettings = {
				ASSETCATALOG_COMPILER_APPICON_NAME = AppIcon;
				ASSETCATALOG_COMPILER_GLOBAL_ACCENT_COLOR_NAME = AccentColor;
				CODE_SIGN_STYLE = Automatic;
				CURRENT_PROJECT_VERSION = 1;
				DEVELOPMENT_TEAM = 422A6HADH3;
				GENERATE_INFOPLIST_FILE = YES;
				INFOPLIST_FILE = StepAhead/Info.plist;
				INFOPLIST_KEY_UIApplicationSupportsIndirectInputEvents = YES;
				INFOPLIST_KEY_UILaunchStoryboardName = LaunchScreen;
				INFOPLIST_KEY_UIMainStoryboardFile = Main;
				INFOPLIST_KEY_UISupportedInterfaceOrientations_iPad = "UIInterfaceOrientationPortrait UIInterfaceOrientationPortraitUpsideDown UIInterfaceOrientationLandscapeLeft UIInterfaceOrientationLandscapeRight";
				INFOPLIST_KEY_UISupportedInterfaceOrientations_iPhone = "UIInterfaceOrientationPortrait UIInterfaceOrientationLandscapeLeft UIInterfaceOrientationLandscapeRight";
				LD_RUNPATH_SEARCH_PATHS = (
					"$(inherited)",
					"@executable_path/Frameworks",
				);
				MARKETING_VERSION = 1.0;
				PRODUCT_BUNDLE_IDENTIFIER = com.example.StepAhead;
				PRODUCT_NAME = "$(TARGET_NAME)";
				SWIFT_EMIT_LOC_STRINGS = YES;
				SWIFT_VERSION = 5.0;
				TARGETED_DEVICE_FAMILY = "1,2";
			};
			name = Release;
		};
/* End XCBuildConfiguration section */

/* Begin XCConfigurationList section */
		8F6C960F2895888900A4D7B1 /* Build configuration list for PBXProject "StepAhead" */ = {
			isa = XCConfigurationList;
			buildConfigurations = (
				8F6C96262895888A00A4D7B1 /* Debug */,
				8F6C96272895888A00A4D7B1 /* Release */,
			);
			defaultConfigurationIsVisible = 0;
			defaultConfigurationName = Release;
		};
		8F6C96282895888A00A4D7B1 /* Build configuration list for PBXNativeTarget "StepAhead" */ = {
			isa = XCConfigurationList;
			buildConfigurations = (
				8F6C96292895888A00A4D7B1 /* Debug */,
				8F6C962A2895888A00A4D7B1 /* Release */,
			);
			defaultConfigurationIsVisible = 0;
			defaultConfigurationName = Release;
		};
/* End XCConfigurationList section */

/* Begin XCRemoteSwiftPackageReference section */
		8F6C969028963C7A00A4D7B1 /* XCRemoteSwiftPackageReference "firebase-ios-sdk" */ = {
			isa = XCRemoteSwiftPackageReference;
			repositoryURL = "https://github.com/firebase/firebase-ios-sdk";
			requirement = {
				kind = upToNextMinorVersion;
				minimumVersion = 9.3.0;
			};
		};
/* End XCRemoteSwiftPackageReference section */

/* Begin XCSwiftPackageProductDependency section */
		8F6C969128963C7A00A4D7B1 /* FirebaseAnalytics */ = {
			isa = XCSwiftPackageProductDependency;
			package = 8F6C969028963C7A00A4D7B1 /* XCRemoteSwiftPackageReference "firebase-ios-sdk" */;
			productName = FirebaseAnalytics;
		};
		8F6C969328963C7A00A4D7B1 /* FirebaseAnalyticsSwift */ = {
			isa = XCSwiftPackageProductDependency;
			package = 8F6C969028963C7A00A4D7B1 /* XCRemoteSwiftPackageReference "firebase-ios-sdk" */;
			productName = FirebaseAnalyticsSwift;
		};
		8F6C969528963C7A00A4D7B1 /* FirebaseAuth */ = {
			isa = XCSwiftPackageProductDependency;
			package = 8F6C969028963C7A00A4D7B1 /* XCRemoteSwiftPackageReference "firebase-ios-sdk" */;
			productName = FirebaseAuth;
		};
/* End XCSwiftPackageProductDependency section */
	};
	rootObject = 8F6C960C2895888900A4D7B1 /* Project object */;
}
